
Microsoft Visual Studio Solution File, Format Version 12.00
# Visual Studio Version 16
VisualStudioVersion = 16.0.31911.196
MinimumVisualStudioVersion = 10.0.40219.1
Project("{FAE04EC0-301F-11D3-BF4B-00C04F79EFBC}") = "Price Scraper", "Price Scraper\Price Scraper.csproj", "{4B576206-98B4-45E7-86FB-6F616D839B9B}"
EndProject
Global
	GlobalSection(SolutionConfigurationPlatforms) = preSolution
		Debug|Any CPU = Debug|Any CPU
		Release|Any CPU = Release|Any CPU
	EndGlobalSection
	GlobalSection(ProjectConfigurationPlatforms) = postSolution
		{4B576206-98B4-45E7-86FB-6F616D839B9B}.Debug|Any CPU.ActiveCfg = Debug|Any CPU
		{4B576206-98B4-45E7-86FB-6F616D839B9B}.Debug|Any CPU.Build.0 = Debug|Any CPU
		{4B576206-98B4-45E7-86FB-6F616D839B9B}.Release|Any CPU.ActiveCfg = Release|Any CPU
		{4B576206-98B4-45E7-86FB-6F616D839B9B}.Release|Any CPU.Build.0 = Release|Any CPU
	EndGlobalSection
	GlobalSection(SolutionProperties) = preSolution
		HideSolutionNode = FALSE
	EndGlobalSection
	GlobalSection(ExtensibilityGlobals) = postSolution
		SolutionGuid = {CFF94486-B044-462B-A142-B400F05ECD4C}
	EndGlobalSection
EndGlobal
